
Microsoft Visual Studio Solution File, Format Version 12.00
# Visual Studio 15
VisualStudioVersion = 15.0.28307.757
MinimumVisualStudioVersion = 10.0.40219.1
Project("{FAE04EC0-301F-11D3-BF4B-00C04F79EFBC}") = "TransformativeFramework", "TransformativeFramework\TransformativeFramework.csproj", "{88BAB780-94A1-4087-B2EC-B1320AFA40CD}"
EndProject
Global
	GlobalSection(SolutionConfigurationPlatforms) = preSolution
		Debug|Any CPU = Debug|Any CPU
		Release|Any CPU = Release|Any CPU
	EndGlobalSection
	GlobalSection(ProjectConfigurationPlatforms) = postSolution
		{88BAB780-94A1-4087-B2EC-B1320AFA40CD}.Debug|Any CPU.ActiveCfg = Debug|Any CPU
		{88BAB780-94A1-4087-B2EC-B1320AFA40CD}.Debug|Any CPU.Build.0 = Debug|Any CPU
		{88BAB780-94A1-4087-B2EC-B1320AFA40CD}.Release|Any CPU.ActiveCfg = Release|Any CPU
		{88BAB780-94A1-4087-B2EC-B1320AFA40CD}.Release|Any CPU.Build.0 = Release|Any CPU
	EndGlobalSection
	GlobalSection(SolutionProperties) = preSolution
		HideSolutionNode = FALSE
	EndGlobalSection
	GlobalSection(ExtensibilityGlobals) = postSolution
		SolutionGuid = {8EEA1E5E-F037-4D64-A6AF-6F46EAB502E6}
	EndGlobalSection
EndGlobal
